PODS:
  - CocoaLumberjack (3.7.2):
    - CocoaLumberjack/Core (= 3.7.2)
  - CocoaLumberjack/Core (3.7.2)
  - SVGKit (3.1.0):
    - CocoaLumberjack (~> 3.0)
  - SwiftyXMLParser (5.3.0)

DEPENDENCIES:
  - SVGKit (from `https://github.com/SVGKit/SVGKit.git`, branch `3.x`)
  - SwiftyXMLParser

SPEC REPOS:
  trunk:
    - CocoaLumberjack
    - SwiftyXMLParser

EXTERNAL SOURCES:
  SVGKit:
    :branch: 3.x
    :git: https://github.com/SVGKit/SVGKit.git

CHECKOUT OPTIONS:
  SVGKit:
    :commit: 024a0b2257ccf7e7c32ad87e6fb9163a18acb022
    :git: https://github.com/SVGKit/SVGKit.git

SPEC CHECKSUMS:
  CocoaLumberjack: b7e05132ff94f6ae4dfa9d5bce9141893a21d9da
  SVGKit: 3c8468aab0026048532a3b27a0c81cdd939f0649
  SwiftyXMLParser: 0985085180f1ee01916cd9b5c1a4f0a8f493c084

PODFILE CHECKSUM: e68f8d41b5423bc9a2c09af9c76f61d4f698c4c1

COCOAPODS: 1.10.1
